
Microsoft Visual Studio Solution File, Format Version 12.00
# Visual Studio Version 16
VisualStudioVersion = 16.0.32106.194
MinimumVisualStudioVersion = 10.0.40219.1
Project("{FAE04EC0-301F-11D3-BF4B-00C04F79EFBC}") = "12MCaseStudy", "12MCaseStudy.csproj", "{EB27690D-532B-48FD-A973-8A4FA5DEDA61}"
EndProject
Project("{FAE04EC0-301F-11D3-BF4B-00C04F79EFBC}") = "12MCaseStudyDAL", "..\12MCaseStudyDAL\12MCaseStudyDAL.csproj", "{DB62EAB9-731D-4842-B377-E30FE7845D48}"
EndProject
Project("{FAE04EC0-301F-11D3-BF4B-00C04F79EFBC}") = "12MCaseStudyBusinessLayer", "..\12MCaseStudyBusinessLayer\12MCaseStudyBusinessLayer.csproj", "{477B917E-BB84-459D-BCD2-A5F02970C770}"
EndProject
Global
	GlobalSection(SolutionConfigurationPlatforms) = preSolution
		Debug|Any CPU = Debug|Any CPU
		Release|Any CPU = Release|Any CPU
	EndGlobalSection
	GlobalSection(ProjectConfigurationPlatforms) = postSolution
		{EB27690D-532B-48FD-A973-8A4FA5DEDA61}.Debug|Any CPU.ActiveCfg = Debug|Any CPU
		{EB27690D-532B-48FD-A973-8A4FA5DEDA61}.Debug|Any CPU.Build.0 = Debug|Any CPU
		{EB27690D-532B-48FD-A973-8A4FA5DEDA61}.Release|Any CPU.ActiveCfg = Release|Any CPU
		{EB27690D-532B-48FD-A973-8A4FA5DEDA61}.Release|Any CPU.Build.0 = Release|Any CPU
		{DB62EAB9-731D-4842-B377-E30FE7845D48}.Debug|Any CPU.ActiveCfg = Debug|Any CPU
		{DB62EAB9-731D-4842-B377-E30FE7845D48}.Debug|Any CPU.Build.0 = Debug|Any CPU
		{DB62EAB9-731D-4842-B377-E30FE7845D48}.Release|Any CPU.ActiveCfg = Release|Any CPU
		{DB62EAB9-731D-4842-B377-E30FE7845D48}.Release|Any CPU.Build.0 = Release|Any CPU
		{477B917E-BB84-459D-BCD2-A5F02970C770}.Debug|Any CPU.ActiveCfg = Debug|Any CPU
		{477B917E-BB84-459D-BCD2-A5F02970C770}.Debug|Any CPU.Build.0 = Debug|Any CPU
		{477B917E-BB84-459D-BCD2-A5F02970C770}.Release|Any CPU.ActiveCfg = Release|Any CPU
		{477B917E-BB84-459D-BCD2-A5F02970C770}.Release|Any CPU.Build.0 = Release|Any CPU
	EndGlobalSection
	GlobalSection(SolutionProperties) = preSolution
		HideSolutionNode = FALSE
	EndGlobalSection
	GlobalSection(ExtensibilityGlobals) = postSolution
		SolutionGuid = {2D57DC97-BB0C-4001-8789-6000D71B00A3}
	EndGlobalSection
EndGlobal
